
Microsoft Visual Studio Solution File, Format Version 12.00
# Visual Studio Version 16
VisualStudioVersion = 16.0.33214.272
MinimumVisualStudioVersion = 10.0.40219.1
Project("{FAE04EC0-301F-11D3-BF4B-00C04F79EFBC}") = "Sortieralgorithmen", "Sortieralgorithmen\Sortieralgorithmen.csproj", "{7E7CF4B8-1819-4244-824E-BCC82AA03D99}"
EndProject
Global
	GlobalSection(SolutionConfigurationPlatforms) = preSolution
		Debug|Any CPU = Debug|Any CPU
		Release|Any CPU = Release|Any CPU
	EndGlobalSection
	GlobalSection(ProjectConfigurationPlatforms) = postSolution
		{7E7CF4B8-1819-4244-824E-BCC82AA03D99}.Debug|Any CPU.ActiveCfg = Debug|Any CPU
		{7E7CF4B8-1819-4244-824E-BCC82AA03D99}.Debug|Any CPU.Build.0 = Debug|Any CPU
		{7E7CF4B8-1819-4244-824E-BCC82AA03D99}.Release|Any CPU.ActiveCfg = Release|Any CPU
		{7E7CF4B8-1819-4244-824E-BCC82AA03D99}.Release|Any CPU.Build.0 = Release|Any CPU
	EndGlobalSection
	GlobalSection(SolutionProperties) = preSolution
		HideSolutionNode = FALSE
	EndGlobalSection
	GlobalSection(ExtensibilityGlobals) = postSolution
		SolutionGuid = {3BD0507F-A214-4CBA-8B86-C4E77C0B1148}
	EndGlobalSection
EndGlobal
